
Microsoft Visual Studio Solution File, Format Version 12.00
# Visual Studio Version 17
VisualStudioVersion = 17.2.32630.192
MinimumVisualStudioVersion = 10.0.40219.1
Project("{FAE04EC0-301F-11D3-BF4B-00C04F79EFBC}") = "Alugueldeveiculo", "Alugueldeveiculo\Alugueldeveiculo.csproj", "{07088A7F-0CE7-4866-8F02-7AD03DB3B88B}"
EndProject
Project("{FAE04EC0-301F-11D3-BF4B-00C04F79EFBC}") = "Model", "Model\Model.csproj", "{6012B09A-2AEE-4793-AC72-0B708A1DBD6C}"
EndProject
Project("{FAE04EC0-301F-11D3-BF4B-00C04F79EFBC}") = "DAL", "DAL\DAL.csproj", "{B32F42DA-C430-439F-AFC4-81FD4B150FF3}"
EndProject
Project("{FAE04EC0-301F-11D3-BF4B-00C04F79EFBC}") = "UILuvancar", "UILuvancar\UILuvancar.csproj", "{3D4DEA74-5A24-4129-80D5-259E51DC098B}"
EndProject
Project("{FAE04EC0-301F-11D3-BF4B-00C04F79EFBC}") = "BLL", "BLL\BLL.csproj", "{9AB0EAA5-8526-487F-B49B-AE8F240B8B97}"
EndProject
Global
	GlobalSection(SolutionConfigurationPlatforms) = preSolution
		Debug|Any CPU = Debug|Any CPU
		Release|Any CPU = Release|Any CPU
	EndGlobalSection
	GlobalSection(ProjectConfigurationPlatforms) = postSolution
		{07088A7F-0CE7-4866-8F02-7AD03DB3B88B}.Debug|Any CPU.ActiveCfg = Debug|Any CPU
		{07088A7F-0CE7-4866-8F02-7AD03DB3B88B}.Debug|Any CPU.Build.0 = Debug|Any CPU
		{07088A7F-0CE7-4866-8F02-7AD03DB3B88B}.Release|Any CPU.ActiveCfg = Release|Any CPU
		{07088A7F-0CE7-4866-8F02-7AD03DB3B88B}.Release|Any CPU.Build.0 = Release|Any CPU
		{6012B09A-2AEE-4793-AC72-0B708A1DBD6C}.Debug|Any CPU.ActiveCfg = Debug|Any CPU
		{6012B09A-2AEE-4793-AC72-0B708A1DBD6C}.Debug|Any CPU.Build.0 = Debug|Any CPU
		{6012B09A-2AEE-4793-AC72-0B708A1DBD6C}.Release|Any CPU.ActiveCfg = Release|Any CPU
		{6012B09A-2AEE-4793-AC72-0B708A1DBD6C}.Release|Any CPU.Build.0 = Release|Any CPU
		{B32F42DA-C430-439F-AFC4-81FD4B150FF3}.Debug|Any CPU.ActiveCfg = Debug|Any CPU
		{B32F42DA-C430-439F-AFC4-81FD4B150FF3}.Debug|Any CPU.Build.0 = Debug|Any CPU
		{B32F42DA-C430-439F-AFC4-81FD4B150FF3}.Release|Any CPU.ActiveCfg = Release|Any CPU
		{B32F42DA-C430-439F-AFC4-81FD4B150FF3}.Release|Any CPU.Build.0 = Release|Any CPU
		{3D4DEA74-5A24-4129-80D5-259E51DC098B}.Debug|Any CPU.ActiveCfg = Debug|Any CPU
		{3D4DEA74-5A24-4129-80D5-259E51DC098B}.Debug|Any CPU.Build.0 = Debug|Any CPU
		{3D4DEA74-5A24-4129-80D5-259E51DC098B}.Release|Any CPU.ActiveCfg = Release|Any CPU
		{3D4DEA74-5A24-4129-80D5-259E51DC098B}.Release|Any CPU.Build.0 = Release|Any CPU
		{9AB0EAA5-8526-487F-B49B-AE8F240B8B97}.Debug|Any CPU.ActiveCfg = Debug|Any CPU
		{9AB0EAA5-8526-487F-B49B-AE8F240B8B97}.Debug|Any CPU.Build.0 = Debug|Any CPU
		{9AB0EAA5-8526-487F-B49B-AE8F240B8B97}.Release|Any CPU.ActiveCfg = Release|Any CPU
		{9AB0EAA5-8526-487F-B49B-AE8F240B8B97}.Release|Any CPU.Build.0 = Release|Any CPU
	EndGlobalSection
	GlobalSection(SolutionProperties) = preSolution
		HideSolutionNode = FALSE
	EndGlobalSection
	GlobalSection(ExtensibilityGlobals) = postSolution
		SolutionGuid = {4D24238D-D654-41E2-B442-D2E9F248231D}
	EndGlobalSection
EndGlobal
